
Microsoft Visual Studio Solution File, Format Version 12.00
# Visual Studio Version 17
VisualStudioVersion = 17.0.31903.59
MinimumVisualStudioVersion = 10.0.40219.1
Project("{2150E333-8FDC-42A3-9474-1A3956D46DE8}") = "src", "src", "{827E0CD3-B72D-47B6-A68D-7590B98EB39B}"
EndProject
Project("{FAE04EC0-301F-11D3-BF4B-00C04F79EFBC}") = "SurveyBot.API", "src\SurveyBot.API\SurveyBot.API.csproj", "{9451C78C-7BEC-45A9-AFA9-E89167540064}"
EndProject
Project("{FAE04EC0-301F-11D3-BF4B-00C04F79EFBC}") = "SurveyBot.Core", "src\SurveyBot.Core\SurveyBot.Core.csproj", "{13ACF8B4-4A2A-4366-9EFA-B204F6F25D36}"
EndProject
Project("{FAE04EC0-301F-11D3-BF4B-00C04F79EFBC}") = "SurveyBot.Infrastructure", "src\SurveyBot.Infrastructure\SurveyBot.Infrastructure.csproj", "{FBEBB4DB-70D5-424F-9606-2777D2A99986}"
EndProject
Project("{FAE04EC0-301F-11D3-BF4B-00C04F79EFBC}") = "SurveyBot.Bot", "src\SurveyBot.Bot\SurveyBot.Bot.csproj", "{094D88CC-D8F2-4285-B2EF-2C28BCE2316B}"
EndProject
Project("{2150E333-8FDC-42A3-9474-1A3956D46DE8}") = "tests", "tests", "{0AB3BF05-4346-4AA6-1389-037BE0695223}"
EndProject
Project("{FAE04EC0-301F-11D3-BF4B-00C04F79EFBC}") = "SurveyBot.Tests", "tests\SurveyBot.Tests\SurveyBot.Tests.csproj", "{D279758B-F2FC-4CB0-AA7F-5F1C2C29D06B}"
EndProject
Global
	GlobalSection(SolutionConfigurationPlatforms) = preSolution
		Debug|Any CPU = Debug|Any CPU
		Debug|x64 = Debug|x64
		Debug|x86 = Debug|x86
		Release|Any CPU = Release|Any CPU
		Release|x64 = Release|x64
		Release|x86 = Release|x86
	EndGlobalSection
	GlobalSection(ProjectConfigurationPlatforms) = postSolution
		{9451C78C-7BEC-45A9-AFA9-E89167540064}.Debug|Any CPU.ActiveCfg = Debug|Any CPU
		{9451C78C-7BEC-45A9-AFA9-E89167540064}.Debug|Any CPU.Build.0 = Debug|Any CPU
		{9451C78C-7BEC-45A9-AFA9-E89167540064}.Debug|x64.ActiveCfg = Debug|Any CPU
		{9451C78C-7BEC-45A9-AFA9-E89167540064}.Debug|x64.Build.0 = Debug|Any CPU
		{9451C78C-7BEC-45A9-AFA9-E89167540064}.Debug|x86.ActiveCfg = Debug|Any CPU
		{9451C78C-7BEC-45A9-AFA9-E89167540064}.Debug|x86.Build.0 = Debug|Any CPU
		{9451C78C-7BEC-45A9-AFA9-E89167540064}.Release|Any CPU.ActiveCfg = Release|Any CPU
		{9451C78C-7BEC-45A9-AFA9-E89167540064}.Release|Any CPU.Build.0 = Release|Any CPU
		{9451C78C-7BEC-45A9-AFA9-E89167540064}.Release|x64.ActiveCfg = Release|Any CPU
		{9451C78C-7BEC-45A9-AFA9-E89167540064}.Release|x64.Build.0 = Release|Any CPU
		{9451C78C-7BEC-45A9-AFA9-E89167540064}.Release|x86.ActiveCfg = Release|Any CPU
		{9451C78C-7BEC-45A9-AFA9-E89167540064}.Release|x86.Build.0 = Release|Any CPU
		{13ACF8B4-4A2A-4366-9EFA-B204F6F25D36}.Debug|Any CPU.ActiveCfg = Debug|Any CPU
		{13ACF8B4-4A2A-4366-9EFA-B204F6F25D36}.Debug|Any CPU.Build.0 = Debug|Any CPU
		{13ACF8B4-4A2A-4366-9EFA-B204F6F25D36}.Debug|x64.ActiveCfg = Debug|Any CPU
		{13ACF8B4-4A2A-4366-9EFA-B204F6F25D36}.Debug|x64.Build.0 = Debug|Any CPU
		{13ACF8B4-4A2A-4366-9EFA-B204F6F25D36}.Debug|x86.ActiveCfg = Debug|Any CPU
		{13ACF8B4-4A2A-4366-9EFA-B204F6F25D36}.Debug|x86.Build.0 = Debug|Any CPU
		{13ACF8B4-4A2A-4366-9EFA-B204F6F25D36}.Release|Any CPU.ActiveCfg = Release|Any CPU
		{13ACF8B4-4A2A-4366-9EFA-B204F6F25D36}.Release|Any CPU.Build.0 = Release|Any CPU
		{13ACF8B4-4A2A-4366-9EFA-B204F6F25D36}.Release|x64.ActiveCfg = Release|Any CPU
		{13ACF8B4-4A2A-4366-9EFA-B204F6F25D36}.Release|x64.Build.0 = Release|Any CPU
		{13ACF8B4-4A2A-4366-9EFA-B204F6F25D36}.Release|x86.ActiveCfg = Release|Any CPU
		{13ACF8B4-4A2A-4366-9EFA-B204F6F25D36}.Release|x86.Build.0 = Release|Any CPU
		{FBEBB4DB-70D5-424F-9606-2777D2A99986}.Debug|Any CPU.ActiveCfg = Debug|Any CPU
		{FBEBB4DB-70D5-424F-9606-2777D2A99986}.Debug|Any CPU.Build.0 = Debug|Any CPU
		{FBEBB4DB-70D5-424F-9606-2777D2A99986}.Debug|x64.ActiveCfg = Debug|Any CPU
		{FBEBB4DB-70D5-424F-9606-2777D2A99986}.Debug|x64.Build.0 = Debug|Any CPU
		{FBEBB4DB-70D5-424F-9606-2777D2A99986}.Debug|x86.ActiveCfg = Debug|Any CPU
		{FBEBB4DB-70D5-424F-9606-2777D2A99986}.Debug|x86.Build.0 = Debug|Any CPU
		{FBEBB4DB-70D5-424F-9606-2777D2A99986}.Release|Any CPU.ActiveCfg = Release|Any CPU
		{FBEBB4DB-70D5-424F-9606-2777D2A99986}.Release|Any CPU.Build.0 = Release|Any CPU
		{FBEBB4DB-70D5-424F-9606-2777D2A99986}.Release|x64.ActiveCfg = Release|Any CPU
		{FBEBB4DB-70D5-424F-9606-2777D2A99986}.Release|x64.Build.0 = Release|Any CPU
		{FBEBB4DB-70D5-424F-9606-2777D2A99986}.Release|x86.ActiveCfg = Release|Any CPU
		{FBEBB4DB-70D5-424F-9606-2777D2A99986}.Release|x86.Build.0 = Release|Any CPU
		{094D88CC-D8F2-4285-B2EF-2C28BCE2316B}.Debug|Any CPU.ActiveCfg = Debug|Any CPU
		{094D88CC-D8F2-4285-B2EF-2C28BCE2316B}.Debug|Any CPU.Build.0 = Debug|Any CPU
		{094D88CC-D8F2-4285-B2EF-2C28BCE2316B}.Debug|x64.ActiveCfg = Debug|Any CPU
		{094D88CC-D8F2-4285-B2EF-2C28BCE2316B}.Debug|x64.Build.0 = Debug|Any CPU
		{094D88CC-D8F2-4285-B2EF-2C28BCE2316B}.Debug|x86.ActiveCfg = Debug|Any CPU
		{094D88CC-D8F2-4285-B2EF-2C28BCE2316B}.Debug|x86.Build.0 = Debug|Any CPU
		{094D88CC-D8F2-4285-B2EF-2C28BCE2316B}.Release|Any CPU.ActiveCfg = Release|Any CPU
		{094D88CC-D8F2-4285-B2EF-2C28BCE2316B}.Release|Any CPU.Build.0 = Release|Any CPU
		{094D88CC-D8F2-4285-B2EF-2C28BCE2316B}.Release|x64.ActiveCfg = Release|Any CPU
		{094D88CC-D8F2-4285-B2EF-2C28BCE2316B}.Release|x64.Build.0 = Release|Any CPU
		{094D88CC-D8F2-4285-B2EF-2C28BCE2316B}.Release|x86.ActiveCfg = Release|Any CPU
		{094D88CC-D8F2-4285-B2EF-2C28BCE2316B}.Release|x86.Build.0 = Release|Any CPU
		{D279758B-F2FC-4CB0-AA7F-5F1C2C29D06B}.Debug|Any CPU.ActiveCfg = Debug|Any CPU
		{D279758B-F2FC-4CB0-AA7F-5F1C2C29D06B}.Debug|Any CPU.Build.0 = Debug|Any CPU
		{D279758B-F2FC-4CB0-AA7F-5F1C2C29D06B}.Debug|x64.ActiveCfg = Debug|Any CPU
		{D279758B-F2FC-4CB0-AA7F-5F1C2C29D06B}.Debug|x64.Build.0 = Debug|Any CPU
		{D279758B-F2FC-4CB0-AA7F-5F1C2C29D06B}.Debug|x86.ActiveCfg = Debug|Any CPU
		{D279758B-F2FC-4CB0-AA7F-5F1C2C29D06B}.Debug|x86.Build.0 = Debug|Any CPU
		{D279758B-F2FC-4CB0-AA7F-5F1C2C29D06B}.Release|Any CPU.ActiveCfg = Release|Any CPU
		{D279758B-F2FC-4CB0-AA7F-5F1C2C29D06B}.Release|Any CPU.Build.0 = Release|Any CPU
		{D279758B-F2FC-4CB0-AA7F-5F1C2C29D06B}.Release|x64.ActiveCfg = Release|Any CPU
		{D279758B-F2FC-4CB0-AA7F-5F1C2C29D06B}.Release|x64.Build.0 = Release|Any CPU
		{D279758B-F2FC-4CB0-AA7F-5F1C2C29D06B}.Release|x86.ActiveCfg = Release|Any CPU
		{D279758B-F2FC-4CB0-AA7F-5F1C2C29D06B}.Release|x86.Build.0 = Release|Any CPU
	EndGlobalSection
	GlobalSection(SolutionProperties) = preSolution
		HideSolutionNode = FALSE
	EndGlobalSection
	GlobalSection(NestedProjects) = preSolution
		{9451C78C-7BEC-45A9-AFA9-E89167540064} = {827E0CD3-B72D-47B6-A68D-7590B98EB39B}
		{13ACF8B4-4A2A-4366-9EFA-B204F6F25D36} = {827E0CD3-B72D-47B6-A68D-7590B98EB39B}
		{FBEBB4DB-70D5-424F-9606-2777D2A99986} = {827E0CD3-B72D-47B6-A68D-7590B98EB39B}
		{094D88CC-D8F2-4285-B2EF-2C28BCE2316B} = {827E0CD3-B72D-47B6-A68D-7590B98EB39B}
		{D279758B-F2FC-4CB0-AA7F-5F1C2C29D06B} = {0AB3BF05-4346-4AA6-1389-037BE0695223}
	EndGlobalSection
EndGlobal
